
Microsoft Visual Studio Solution File, Format Version 11.00
# Visual Studio 2010
Project("{8BC9CEB8-8B4A-11D0-8D11-00A0C91BC942}") = "SAMS", "SAMS.vcxproj", "{4502D8AB-E5AD-4803-A169-55B538B40739}"
EndProject
Global
	GlobalSection(SolutionConfigurationPlatforms) = preSolution
		Debug|Win32 = Debug|Win32
		Release|Win32 = Release|Win32
	EndGlobalSection
	GlobalSection(ProjectConfigurationPlatforms) = postSolution
		{4502D8AB-E5AD-4803-A169-55B538B40739}.Debug|Win32.ActiveCfg = Debug|Win32
		{4502D8AB-E5AD-4803-A169-55B538B40739}.Debug|Win32.Build.0 = Debug|Win32
		{4502D8AB-E5AD-4803-A169-55B538B40739}.Release|Win32.ActiveCfg = Release|Win32
		{4502D8AB-E5AD-4803-A169-55B538B40739}.Release|Win32.Build.0 = Release|Win32
	EndGlobalSection
	GlobalSection(SolutionProperties) = preSolution
		HideSolutionNode = FALSE
	EndGlobalSection
EndGlobal
